
Microsoft Visual Studio Solution File, Format Version 12.00
# Visual Studio 14
VisualStudioVersion = 14.0.25420.1
MinimumVisualStudioVersion = 10.0.40219.1
Project("{FAE04EC0-301F-11D3-BF4B-00C04F79EFBC}") = "Testing", "Testing\Testing.csproj", "{08D11153-05FF-4DFE-B292-A76B41977308}"
EndProject
Project("{FAE04EC0-301F-11D3-BF4B-00C04F79EFBC}") = "CarClassLibrary", "CarClassLibrary\CarClassLibrary.csproj", "{5E2368C2-51F3-46DB-9C02-BF0C783FC2A4}"
EndProject
Global
	GlobalSection(SolutionConfigurationPlatforms) = preSolution
		Debug|Any CPU = Debug|Any CPU
		Release|Any CPU = Release|Any CPU
	EndGlobalSection
	GlobalSection(ProjectConfigurationPlatforms) = postSolution
		{08D11153-05FF-4DFE-B292-A76B41977308}.Debug|Any CPU.ActiveCfg = Debug|Any CPU
		{08D11153-05FF-4DFE-B292-A76B41977308}.Debug|Any CPU.Build.0 = Debug|Any CPU
		{08D11153-05FF-4DFE-B292-A76B41977308}.Release|Any CPU.ActiveCfg = Release|Any CPU
		{08D11153-05FF-4DFE-B292-A76B41977308}.Release|Any CPU.Build.0 = Release|Any CPU
		{5E2368C2-51F3-46DB-9C02-BF0C783FC2A4}.Debug|Any CPU.ActiveCfg = Debug|Any CPU
		{5E2368C2-51F3-46DB-9C02-BF0C783FC2A4}.Debug|Any CPU.Build.0 = Debug|Any CPU
		{5E2368C2-51F3-46DB-9C02-BF0C783FC2A4}.Release|Any CPU.ActiveCfg = Release|Any CPU
		{5E2368C2-51F3-46DB-9C02-BF0C783FC2A4}.Release|Any CPU.Build.0 = Release|Any CPU
	EndGlobalSection
	GlobalSection(SolutionProperties) = preSolution
		HideSolutionNode = FALSE
	EndGlobalSection
EndGlobal
